
Microsoft Visual Studio Solution File, Format Version 12.00
# Visual Studio Version 17
VisualStudioVersion = 17.0.31903.59
MinimumVisualStudioVersion = 10.0.40219.1
Project("{FAE04EC0-301F-11D3-BF4B-00C04F79EFBC}") = "API", "API\API.csproj", "{56450F60-8D0C-4194-93C4-65BE0E61AB48}"
EndProject
Project("{FAE04EC0-301F-11D3-BF4B-00C04F79EFBC}") = "Core", "Core\Core.csproj", "{4606AC44-7CBA-4365-A8F8-D51C7923E2CC}"
EndProject
Project("{FAE04EC0-301F-11D3-BF4B-00C04F79EFBC}") = "Infrastructure", "Infrastructure\Infrastructure.csproj", "{6EC2D41A-F8DD-4CE1-8725-DFBA246F0EDF}"
EndProject
Global
	GlobalSection(SolutionConfigurationPlatforms) = preSolution
		Debug|Any CPU = Debug|Any CPU
		Release|Any CPU = Release|Any CPU
	EndGlobalSection
	GlobalSection(SolutionProperties) = preSolution
		HideSolutionNode = FALSE
	EndGlobalSection
	GlobalSection(ProjectConfigurationPlatforms) = postSolution
		{56450F60-8D0C-4194-93C4-65BE0E61AB48}.Debug|Any CPU.ActiveCfg = Debug|Any CPU
		{56450F60-8D0C-4194-93C4-65BE0E61AB48}.Debug|Any CPU.Build.0 = Debug|Any CPU
		{56450F60-8D0C-4194-93C4-65BE0E61AB48}.Release|Any CPU.ActiveCfg = Release|Any CPU
		{56450F60-8D0C-4194-93C4-65BE0E61AB48}.Release|Any CPU.Build.0 = Release|Any CPU
		{4606AC44-7CBA-4365-A8F8-D51C7923E2CC}.Debug|Any CPU.ActiveCfg = Debug|Any CPU
		{4606AC44-7CBA-4365-A8F8-D51C7923E2CC}.Debug|Any CPU.Build.0 = Debug|Any CPU
		{4606AC44-7CBA-4365-A8F8-D51C7923E2CC}.Release|Any CPU.ActiveCfg = Release|Any CPU
		{4606AC44-7CBA-4365-A8F8-D51C7923E2CC}.Release|Any CPU.Build.0 = Release|Any CPU
		{6EC2D41A-F8DD-4CE1-8725-DFBA246F0EDF}.Debug|Any CPU.ActiveCfg = Debug|Any CPU
		{6EC2D41A-F8DD-4CE1-8725-DFBA246F0EDF}.Debug|Any CPU.Build.0 = Debug|Any CPU
		{6EC2D41A-F8DD-4CE1-8725-DFBA246F0EDF}.Release|Any CPU.ActiveCfg = Release|Any CPU
		{6EC2D41A-F8DD-4CE1-8725-DFBA246F0EDF}.Release|Any CPU.Build.0 = Release|Any CPU
	EndGlobalSection
EndGlobal
